<?xml version="1.0" encoding="utf-8"?>
<Project ToolsVersion="4.0" xmlns="http://schemas.microsoft.com/developer/msbuild/2003">
  <ItemGroup>
    <Filter Include="Source Files">
      <UniqueIdentifier>{4FC737F1-C7A5-4376-A066-2A32D752A2FF}</UniqueIdentifier>
      <Extensions>cpp;c;cc;cxx;c++;cppm;ixx;def;odl;idl;hpj;bat;asm;asmx</Extensions>
    </Filter>
    <Filter Include="Header Files">
      <UniqueIdentifier>{93995380-89BD-4b04-88EB-625FBE52EBFB}</UniqueIdentifier>
      <Extensions>h;hh;hpp;hxx;h++;hm;inl;inc;ipp;xsd</Extensions>
    </Filter>
    <Filter Include="Resource Files">
      <UniqueIdentifier>{67DA6AB6-F800-4c08-8B7A-83BB121AAD01}</UniqueIdentifier>
      <Extensions>rc;ico;cur;bmp;dlg;rc2;rct;bin;rgs;gif;jpg;jpeg;jpe;resx;tiff;tif;png;wav;mfcribbon-ms</Extensions>
    </Filter>
  </ItemGroup>
  <ItemGroup>
    <ClCompile Include="Main.cpp">
      <Filter>Source Files</Filter>
    </ClCompile>
    <ClCompile Include="IUnitate_Cazare.cpp">
      <Filter>Source Files</Filter>
    </ClCompile>
    <ClCompile Include="CUnitate_Cazare.cpp">
      <Filter>Source Files</Filter>
    </ClCompile>
    <ClCompile Include="CRoom.cpp">
      <Filter>Source Files</Filter>
    </ClCompile>
    <ClCompile Include="ICazare.cpp">
      <Filter>Source Files</Filter>
    </ClCompile>
    <ClCompile Include="CCazare.cpp">
      <Filter>Source Files</Filter>
    </ClCompile>
    <ClCompile Include="CApartament.cpp">
      <Filter>Source Files</Filter>
    </ClCompile>
    <ClCompile Include="CVila.cpp">
      <Filter>Source Files</Filter>
    </ClCompile>
    <ClCompile Include="CHotel.cpp">
      <Filter>Source Files</Filter>
    </ClCompile>
    <ClCompile Include="CComplex_Apartamente.cpp">
      <Filter>Source Files</Filter>
    </ClCompile>
    <ClCompile Include="CComplex_Vile.cpp">
      <Filter>Source Files</Filter>
    </ClCompile>
    <ClCompile Include="COras.cpp">
      <Filter>Source Files</Filter>
    </ClCompile>
    <ClCompile Include="CAdministrator.cpp">
      <Filter>Source Files</Filter>
    </ClCompile>
    <ClCompile Include="CFactory_unitate_cazare.cpp">
      <Filter>Source Files</Filter>
    </ClCompile>
    <ClCompile Include="CCreate_unitati_cazare.cpp">
      <Filter>Source Files</Filter>
    </ClCompile>
    <ClCompile Include="CCreate_orase.cpp">
      <Filter>Source Files</Filter>
    </ClCompile>
    <ClCompile Include="CUser.cpp">
      <Filter>Source Files</Filter>
    </ClCompile>
    <ClCompile Include="CData.cpp">
      <Filter>Source Files</Filter>
    </ClCompile>
    <ClCompile Include="CCreate_time.cpp">
      <Filter>Source Files</Filter>
    </ClCompile>
    <ClCompile Include="CAn.cpp">
      <Filter>Source Files</Filter>
    </ClCompile>
    <ClCompile Include="IExceptie.cpp">
      <Filter>Source Files</Filter>
    </ClCompile>
    <ClCompile Include="CEroare.cpp">
      <Filter>Source Files</Filter>
    </ClCompile>
    <ClCompile Include="CAlerta.cpp">
      <Filter>Source Files</Filter>
    </ClCompile>
    <ClCompile Include="CRezervare.cpp">
      <Filter>Source Files</Filter>
    </ClCompile>
    <ClCompile Include="CMenu.cpp">
      <Filter>Source Files</Filter>
    </ClCompile>
  </ItemGroup>
  <ItemGroup>
    <ClInclude Include="IUnitate_Cazare.h">
      <Filter>Header Files</Filter>
    </ClInclude>
    <ClInclude Include="CUnitate_Cazare.h">
      <Filter>Header Files</Filter>
    </ClInclude>
    <ClInclude Include="CRoom.h">
      <Filter>Header Files</Filter>
    </ClInclude>
    <ClInclude Include="ICazare.h">
      <Filter>Header Files</Filter>
    </ClInclude>
    <ClInclude Include="CCazare.h">
      <Filter>Header Files</Filter>
    </ClInclude>
    <ClInclude Include="CApartament.h">
      <Filter>Header Files</Filter>
    </ClInclude>
    <ClInclude Include="CVila.h">
      <Filter>Header Files</Filter>
    </ClInclude>
    <ClInclude Include="CHotel.h">
      <Filter>Header Files</Filter>
    </ClInclude>
    <ClInclude Include="CComplex_Apartamente.h">
      <Filter>Header Files</Filter>
    </ClInclude>
    <ClInclude Include="CComplex_Vile.h">
      <Filter>Header Files</Filter>
    </ClInclude>
    <ClInclude Include="COras.h">
      <Filter>Header Files</Filter>
    </ClInclude>
    <ClInclude Include="CAdministrator.h">
      <Filter>Header Files</Filter>
    </ClInclude>
    <ClInclude Include="CFactory_unitate_cazare.h">
      <Filter>Header Files</Filter>
    </ClInclude>
    <ClInclude Include="CCreate_unitati_cazare.h">
      <Filter>Header Files</Filter>
    </ClInclude>
    <ClInclude Include="CCreate_orase.h">
      <Filter>Header Files</Filter>
    </ClInclude>
    <ClInclude Include="CUser.h">
      <Filter>Header Files</Filter>
    </ClInclude>
    <ClInclude Include="CData.h">
      <Filter>Header Files</Filter>
    </ClInclude>
    <ClInclude Include="CCreate_time.h">
      <Filter>Header Files</Filter>
    </ClInclude>
    <ClInclude Include="CAn.h">
      <Filter>Header Files</Filter>
    </ClInclude>
    <ClInclude Include="IExceptie.h">
      <Filter>Header Files</Filter>
    </ClInclude>
    <ClInclude Include="CEroare.h">
      <Filter>Header Files</Filter>
    </ClInclude>
    <ClInclude Include="CAlerta.h">
      <Filter>Header Files</Filter>
    </ClInclude>
    <ClInclude Include="CRezervare.h">
      <Filter>Header Files</Filter>
    </ClInclude>
    <ClInclude Include="CMenu.h">
      <Filter>Header Files</Filter>
    </ClInclude>
  </ItemGroup>
  <ItemGroup>
    <Text Include="Andrei.txt">
      <Filter>Source Files</Filter>
    </Text>
  </ItemGroup>
  <ItemGroup>
    <None Include="ClassDiagram.cd" />
  </ItemGroup>
</Project>